
Microsoft Visual Studio Solution File, Format Version 12.00
# Visual Studio 15
VisualStudioVersion = 15.0.27428.2037
MinimumVisualStudioVersion = 10.0.40219.1
Project("{FAE04EC0-301F-11D3-BF4B-00C04F79EFBC}") = "Lacqr", "Lacqr\Lacqr.csproj", "{B3F96635-6323-4146-B787-6658E765C9BA}"
EndProject
Project("{E53339B2-1760-4266-BCC7-CA923CBCF16C}") = "docker-compose", "docker-compose.dcproj", "{AA876EBF-9E79-4F90-8681-8987C427EFC6}"
EndProject
Project("{2150E333-8FDC-42A3-9474-1A3956D46DE8}") = "AccountsDomain", "AccountsDomain", "{662FB58A-0700-4192-982F-F89E4E2241EA}"
EndProject
Project("{FAE04EC0-301F-11D3-BF4B-00C04F79EFBC}") = "Accounts.Data", "Accounts.Data\Accounts.Data.csproj", "{D7A3DFBE-554B-42F9-95D4-4C687BFE09E8}"
EndProject
Project("{FAE04EC0-301F-11D3-BF4B-00C04F79EFBC}") = "Accounts.API", "Accounts.API\Accounts.API.csproj", "{11A01439-EC34-4ACF-BC5B-9835C638EAEE}"
EndProject
Project("{2150E333-8FDC-42A3-9474-1A3956D46DE8}") = "IntegrationDomain", "IntegrationDomain", "{CB397C2E-1F93-470F-818E-A6A3FB27A2C0}"
EndProject
Project("{FAE04EC0-301F-11D3-BF4B-00C04F79EFBC}") = "Integrations.Data", "IntegrationAPI\Integration.Data\Integrations.Data.csproj", "{4E2F1D30-45DA-4C5A-B5E9-F53469803FEC}"
EndProject
Project("{FAE04EC0-301F-11D3-BF4B-00C04F79EFBC}") = "Integrations.API", "IntegrationAPI\Integration.Data\Integration.API\Integrations.API.csproj", "{2E446EC0-FDDE-49CE-8C69-448C86D4DAAC}"
EndProject
Global
	GlobalSection(SolutionConfigurationPlatforms) = preSolution
		Debug|Any CPU = Debug|Any CPU
		Release|Any CPU = Release|Any CPU
	EndGlobalSection
	GlobalSection(ProjectConfigurationPlatforms) = postSolution
		{B3F96635-6323-4146-B787-6658E765C9BA}.Debug|Any CPU.ActiveCfg = Debug|Any CPU
		{B3F96635-6323-4146-B787-6658E765C9BA}.Debug|Any CPU.Build.0 = Debug|Any CPU
		{B3F96635-6323-4146-B787-6658E765C9BA}.Release|Any CPU.ActiveCfg = Release|Any CPU
		{B3F96635-6323-4146-B787-6658E765C9BA}.Release|Any CPU.Build.0 = Release|Any CPU
		{AA876EBF-9E79-4F90-8681-8987C427EFC6}.Debug|Any CPU.ActiveCfg = Debug|Any CPU
		{AA876EBF-9E79-4F90-8681-8987C427EFC6}.Debug|Any CPU.Build.0 = Debug|Any CPU
		{AA876EBF-9E79-4F90-8681-8987C427EFC6}.Release|Any CPU.ActiveCfg = Release|Any CPU
		{AA876EBF-9E79-4F90-8681-8987C427EFC6}.Release|Any CPU.Build.0 = Release|Any CPU
		{D7A3DFBE-554B-42F9-95D4-4C687BFE09E8}.Debug|Any CPU.ActiveCfg = Debug|Any CPU
		{D7A3DFBE-554B-42F9-95D4-4C687BFE09E8}.Debug|Any CPU.Build.0 = Debug|Any CPU
		{D7A3DFBE-554B-42F9-95D4-4C687BFE09E8}.Release|Any CPU.ActiveCfg = Release|Any CPU
		{D7A3DFBE-554B-42F9-95D4-4C687BFE09E8}.Release|Any CPU.Build.0 = Release|Any CPU
		{11A01439-EC34-4ACF-BC5B-9835C638EAEE}.Debug|Any CPU.ActiveCfg = Debug|Any CPU
		{11A01439-EC34-4ACF-BC5B-9835C638EAEE}.Debug|Any CPU.Build.0 = Debug|Any CPU
		{11A01439-EC34-4ACF-BC5B-9835C638EAEE}.Release|Any CPU.ActiveCfg = Release|Any CPU
		{11A01439-EC34-4ACF-BC5B-9835C638EAEE}.Release|Any CPU.Build.0 = Release|Any CPU
		{4E2F1D30-45DA-4C5A-B5E9-F53469803FEC}.Debug|Any CPU.ActiveCfg = Debug|Any CPU
		{4E2F1D30-45DA-4C5A-B5E9-F53469803FEC}.Debug|Any CPU.Build.0 = Debug|Any CPU
		{4E2F1D30-45DA-4C5A-B5E9-F53469803FEC}.Release|Any CPU.ActiveCfg = Release|Any CPU
		{4E2F1D30-45DA-4C5A-B5E9-F53469803FEC}.Release|Any CPU.Build.0 = Release|Any CPU
		{2E446EC0-FDDE-49CE-8C69-448C86D4DAAC}.Debug|Any CPU.ActiveCfg = Debug|Any CPU
		{2E446EC0-FDDE-49CE-8C69-448C86D4DAAC}.Debug|Any CPU.Build.0 = Debug|Any CPU
		{2E446EC0-FDDE-49CE-8C69-448C86D4DAAC}.Release|Any CPU.ActiveCfg = Release|Any CPU
		{2E446EC0-FDDE-49CE-8C69-448C86D4DAAC}.Release|Any CPU.Build.0 = Release|Any CPU
	EndGlobalSection
	GlobalSection(SolutionProperties) = preSolution
		HideSolutionNode = FALSE
	EndGlobalSection
	GlobalSection(NestedProjects) = preSolution
		{D7A3DFBE-554B-42F9-95D4-4C687BFE09E8} = {662FB58A-0700-4192-982F-F89E4E2241EA}
		{11A01439-EC34-4ACF-BC5B-9835C638EAEE} = {662FB58A-0700-4192-982F-F89E4E2241EA}
		{4E2F1D30-45DA-4C5A-B5E9-F53469803FEC} = {CB397C2E-1F93-470F-818E-A6A3FB27A2C0}
		{2E446EC0-FDDE-49CE-8C69-448C86D4DAAC} = {CB397C2E-1F93-470F-818E-A6A3FB27A2C0}
	EndGlobalSection
	GlobalSection(ExtensibilityGlobals) = postSolution
		SolutionGuid = {117CE731-BFB8-404B-9373-DB2E0634EEAC}
	EndGlobalSection
EndGlobal
